
Microsoft Visual Studio Solution File, Format Version 12.00
# Visual Studio Version 17
VisualStudioVersion = 17.2.32630.192
MinimumVisualStudioVersion = 10.0.40219.1
Project("{FAE04EC0-301F-11D3-BF4B-00C04F79EFBC}") = "Actividad 2 - Parcial 2", "Actividad 2 - Parcial 2\Actividad 2 - Parcial 2.csproj", "{AAE117AC-E0DF-4A4D-B412-4DFCF2984FA7}"
EndProject
Global
	GlobalSection(SolutionConfigurationPlatforms) = preSolution
		Debug|Any CPU = Debug|Any CPU
		Release|Any CPU = Release|Any CPU
	EndGlobalSection
	GlobalSection(ProjectConfigurationPlatforms) = postSolution
		{AAE117AC-E0DF-4A4D-B412-4DFCF2984FA7}.Debug|Any CPU.ActiveCfg = Debug|Any CPU
		{AAE117AC-E0DF-4A4D-B412-4DFCF2984FA7}.Debug|Any CPU.Build.0 = Debug|Any CPU
		{AAE117AC-E0DF-4A4D-B412-4DFCF2984FA7}.Release|Any CPU.ActiveCfg = Release|Any CPU
		{AAE117AC-E0DF-4A4D-B412-4DFCF2984FA7}.Release|Any CPU.Build.0 = Release|Any CPU
	EndGlobalSection
	GlobalSection(SolutionProperties) = preSolution
		HideSolutionNode = FALSE
	EndGlobalSection
	GlobalSection(ExtensibilityGlobals) = postSolution
		SolutionGuid = {0E30D85B-DE97-4DCF-AADE-3535404ABD05}
	EndGlobalSection
EndGlobal
